
Microsoft Visual Studio Solution File, Format Version 12.00
# Visual Studio 15
VisualStudioVersion = 15.0.28010.2046
MinimumVisualStudioVersion = 10.0.40219.1
Project("{FAE04EC0-301F-11D3-BF4B-00C04F79EFBC}") = "windowServer", "windowServer\windowServer.csproj", "{7C3BD699-4733-4F3F-A4B4-D2B5A8808FBF}"
EndProject
Project("{2150E333-8FDC-42A3-9474-1A3956D46DE8}") = "_docs", "_docs", "{8FA1ECCB-DE67-4223-B1ED-DD705C386BF3}"
	ProjectSection(SolutionItems) = preProject
		ReadMe.md = ReadMe.md
	EndProjectSection
EndProject
Global
	GlobalSection(SolutionConfigurationPlatforms) = preSolution
		Debug|Any CPU = Debug|Any CPU
		Release|Any CPU = Release|Any CPU
	EndGlobalSection
	GlobalSection(ProjectConfigurationPlatforms) = postSolution
		{7C3BD699-4733-4F3F-A4B4-D2B5A8808FBF}.Debug|Any CPU.ActiveCfg = Debug|Any CPU
		{7C3BD699-4733-4F3F-A4B4-D2B5A8808FBF}.Debug|Any CPU.Build.0 = Debug|Any CPU
		{7C3BD699-4733-4F3F-A4B4-D2B5A8808FBF}.Release|Any CPU.ActiveCfg = Release|Any CPU
		{7C3BD699-4733-4F3F-A4B4-D2B5A8808FBF}.Release|Any CPU.Build.0 = Release|Any CPU
	EndGlobalSection
	GlobalSection(SolutionProperties) = preSolution
		HideSolutionNode = FALSE
	EndGlobalSection
	GlobalSection(ExtensibilityGlobals) = postSolution
		SolutionGuid = {1782A80B-15EE-481D-AF8A-5DA47C7E73D7}
	EndGlobalSection
EndGlobal
